
Microsoft Visual Studio Solution File, Format Version 12.00
# Visual Studio 15
VisualStudioVersion = 15.0.27004.2009
MinimumVisualStudioVersion = 10.0.40219.1
Project("{FAE04EC0-301F-11D3-BF4B-00C04F79EFBC}") = "TonNurako.XImageFormat", "TonNurako.XImageFormat\TonNurako.XImageFormat.csproj", "{5E7D726D-9287-41F2-84F5-456B0C386689}"
EndProject
Project("{FAE04EC0-301F-11D3-BF4B-00C04F79EFBC}") = "ReaderTest", "ReaderTest\ReaderTest.csproj", "{DF89A074-298F-4CAC-98B4-3874FD879ABA}"
EndProject
Project("{FAE04EC0-301F-11D3-BF4B-00C04F79EFBC}") = "TonNurako.XImageFormat.Test", "TonNurako.XImageFormat.Test\TonNurako.XImageFormat.Test.csproj", "{92B4C5F4-AAFA-4112-B304-12588AC3376F}"
EndProject
Global
	GlobalSection(SolutionConfigurationPlatforms) = preSolution
		Debug|Any CPU = Debug|Any CPU
		Release|Any CPU = Release|Any CPU
	EndGlobalSection
	GlobalSection(ProjectConfigurationPlatforms) = postSolution
		{5E7D726D-9287-41F2-84F5-456B0C386689}.Debug|Any CPU.ActiveCfg = Debug|Any CPU
		{5E7D726D-9287-41F2-84F5-456B0C386689}.Debug|Any CPU.Build.0 = Debug|Any CPU
		{5E7D726D-9287-41F2-84F5-456B0C386689}.Release|Any CPU.ActiveCfg = Release|Any CPU
		{5E7D726D-9287-41F2-84F5-456B0C386689}.Release|Any CPU.Build.0 = Release|Any CPU
		{DF89A074-298F-4CAC-98B4-3874FD879ABA}.Debug|Any CPU.ActiveCfg = Debug|Any CPU
		{DF89A074-298F-4CAC-98B4-3874FD879ABA}.Debug|Any CPU.Build.0 = Debug|Any CPU
		{DF89A074-298F-4CAC-98B4-3874FD879ABA}.Release|Any CPU.ActiveCfg = Release|Any CPU
		{DF89A074-298F-4CAC-98B4-3874FD879ABA}.Release|Any CPU.Build.0 = Release|Any CPU
		{92B4C5F4-AAFA-4112-B304-12588AC3376F}.Debug|Any CPU.ActiveCfg = Debug|Any CPU
		{92B4C5F4-AAFA-4112-B304-12588AC3376F}.Debug|Any CPU.Build.0 = Debug|Any CPU
		{92B4C5F4-AAFA-4112-B304-12588AC3376F}.Release|Any CPU.ActiveCfg = Release|Any CPU
		{92B4C5F4-AAFA-4112-B304-12588AC3376F}.Release|Any CPU.Build.0 = Release|Any CPU
	EndGlobalSection
	GlobalSection(SolutionProperties) = preSolution
		HideSolutionNode = FALSE
	EndGlobalSection
	GlobalSection(ExtensibilityGlobals) = postSolution
		SolutionGuid = {6B9590C1-B3BC-4A20-9755-9E392DD860B4}
	EndGlobalSection
EndGlobal
