
Microsoft Visual Studio Solution File, Format Version 12.00
# Visual Studio 15
VisualStudioVersion = 15.0.26730.16
MinimumVisualStudioVersion = 10.0.40219.1
Project("{FAE04EC0-301F-11D3-BF4B-00C04F79EFBC}") = "XImageViewerWPF", "XImageViewerWPF.csproj", "{A700BA30-CF02-40D6-BB99-5DE7B588700D}"
EndProject
Project("{FAE04EC0-301F-11D3-BF4B-00C04F79EFBC}") = "TonNurako.XImageFormat", "..\TonNurako.XImageFormat\TonNurako.XImageFormat.csproj", "{5E7D726D-9287-41F2-84F5-456B0C386689}"
EndProject
Global
	GlobalSection(SolutionConfigurationPlatforms) = preSolution
		Debug|Any CPU = Debug|Any CPU
		Release|Any CPU = Release|Any CPU
	EndGlobalSection
	GlobalSection(ProjectConfigurationPlatforms) = postSolution
		{A700BA30-CF02-40D6-BB99-5DE7B588700D}.Debug|Any CPU.ActiveCfg = Debug|Any CPU
		{A700BA30-CF02-40D6-BB99-5DE7B588700D}.Debug|Any CPU.Build.0 = Debug|Any CPU
		{A700BA30-CF02-40D6-BB99-5DE7B588700D}.Release|Any CPU.ActiveCfg = Release|Any CPU
		{A700BA30-CF02-40D6-BB99-5DE7B588700D}.Release|Any CPU.Build.0 = Release|Any CPU
		{5E7D726D-9287-41F2-84F5-456B0C386689}.Debug|Any CPU.ActiveCfg = Debug|Any CPU
		{5E7D726D-9287-41F2-84F5-456B0C386689}.Debug|Any CPU.Build.0 = Debug|Any CPU
		{5E7D726D-9287-41F2-84F5-456B0C386689}.Release|Any CPU.ActiveCfg = Release|Any CPU
		{5E7D726D-9287-41F2-84F5-456B0C386689}.Release|Any CPU.Build.0 = Release|Any CPU
	EndGlobalSection
	GlobalSection(SolutionProperties) = preSolution
		HideSolutionNode = FALSE
	EndGlobalSection
	GlobalSection(ExtensibilityGlobals) = postSolution
		SolutionGuid = {8FBE0065-1C46-471D-BBAC-57FC88DBBA9B}
	EndGlobalSection
EndGlobal
